github.com/elazarl/goproxy v0.0.0-20240726154733-8b0c20506380 h1:1NyRx2f4W4WBRyg0Kys0ZbaNmDDzZ2R/C7DTi+bbsJ0=
github.com/elazarl/goproxy v0.0.0-20240726154733-8b0c20506380/go.mod h1:thX175TtLTzLj3p7N/Q9IiKZ7NF+p72cvL91emV0hzo=
github.com/elazarl/goproxy/ext v0.0.0-20240726154733-8b0c20506380 h1:p6Ws66Of30g/WbPHSqNipfUAddY06esEFY0VniNBu0U=
github.com/elazarl/goproxy/ext v0.0.0-20240726154733-8b0c20506380/go.mod h1:gNh8nYJoAm43RfaxurUnxr+N1PwuFV3ZMl/efxlIlY8=
github.com/rogpeppe/go-charset v0.0.0-20180617210344-2471d30d28b4/go.mod h1:qgYeAmZ5ZIpBWTGllZSQnw97Dj+woV0toclVaRGI8pc=
golang.org/x/net v0.28.0 h1:a9JDOJc5GMUJ0+UDqmLT86WiEy7iWyIhz8gz8E4e5hE=
golang.org/x/net v0.28.0/go.mod h1:yqtgsTWOOnlGLG9GFRrK3++bGOUEkNBoHZc8MEDWPNg=
golang.org/x/text v0.17.0 h1:XtiM5bkSOt+ewxlOE/aE/AKEHibwj/6gvWMl9Rsh0Qc=
golang.org/x/text v0.17.0/go.mod h1:BuEKDfySbSR4drPmRPG/7iBdf8hvFMuRexcpahXilzY=
